
Microsoft Visual Studio Solution File, Format Version 12.00
# Visual Studio 14
VisualStudioVersion = 14.0.21730.1
MinimumVisualStudioVersion = 10.0.40219.1
Project("{2150E333-8FDC-42A3-9474-1A3956D46DE8}") = "src", "src", "{2C7947A5-9FBD-4267-97C1-2D726D7B3BAF}"
EndProject
Project("{8BB2217D-0F2D-49D1-97BC-3654ED321F3B}") = "Microsoft.Net.WebSocketAbstractions", "src\Microsoft.Net.WebSocketAbstractions\Microsoft.Net.WebSocketAbstractions.kproj", "{EB997695-F822-4372-8E56-02BA517B54B5}"
EndProject
Global
	GlobalSection(SolutionConfigurationPlatforms) = preSolution
		Debug|Any CPU = Debug|Any CPU
		Release|Any CPU = Release|Any CPU
	EndGlobalSection
	GlobalSection(ProjectConfigurationPlatforms) = postSolution
		{EB997695-F822-4372-8E56-02BA517B54B5}.Debug|Any CPU.ActiveCfg = Debug|Any CPU
		{EB997695-F822-4372-8E56-02BA517B54B5}.Debug|Any CPU.Build.0 = Debug|Any CPU
		{EB997695-F822-4372-8E56-02BA517B54B5}.Release|Any CPU.ActiveCfg = Release|Any CPU
		{EB997695-F822-4372-8E56-02BA517B54B5}.Release|Any CPU.Build.0 = Release|Any CPU
	EndGlobalSection
	GlobalSection(SolutionProperties) = preSolution
		HideSolutionNode = FALSE
	EndGlobalSection
	GlobalSection(NestedProjects) = preSolution
		{EB997695-F822-4372-8E56-02BA517B54B5} = {2C7947A5-9FBD-4267-97C1-2D726D7B3BAF}
	EndGlobalSection
EndGlobal
